
Microsoft Visual Studio Solution File, Format Version 12.00
# Visual Studio Version 17
VisualStudioVersion = 17.0.32014.148
MinimumVisualStudioVersion = 10.0.40219.1
Project("{8BC9CEB8-8B4A-11D0-8D11-00A0C91BC942}") = "Taskbar11", "Taskbar11\Taskbar11.vcxproj", "{E2A27A61-D462-4325-836D-1997187B4AD6}"
EndProject
Global
	GlobalSection(SolutionConfigurationPlatforms) = preSolution
		Debug|Win32 = Debug|Win32
		Debug|x64 = Debug|x64
		Debug|x86 = Debug|x86
		Release|Win32 = Release|Win32
		Release|x64 = Release|x64
		Release|x86 = Release|x86
	EndGlobalSection
	GlobalSection(ProjectConfigurationPlatforms) = postSolution
		{E2A27A61-D462-4325-836D-1997187B4AD6}.Debug|Win32.ActiveCfg = Debug|Win32
		{E2A27A61-D462-4325-836D-1997187B4AD6}.Debug|Win32.Build.0 = Debug|Win32
		{E2A27A61-D462-4325-836D-1997187B4AD6}.Debug|x64.ActiveCfg = Debug|x64
		{E2A27A61-D462-4325-836D-1997187B4AD6}.Debug|x64.Build.0 = Debug|x64
		{E2A27A61-D462-4325-836D-1997187B4AD6}.Debug|x86.ActiveCfg = Debug|Win32
		{E2A27A61-D462-4325-836D-1997187B4AD6}.Debug|x86.Build.0 = Debug|Win32
		{E2A27A61-D462-4325-836D-1997187B4AD6}.Release|Win32.ActiveCfg = Release|Win32
		{E2A27A61-D462-4325-836D-1997187B4AD6}.Release|Win32.Build.0 = Release|Win32
		{E2A27A61-D462-4325-836D-1997187B4AD6}.Release|x64.ActiveCfg = Release|Win32
		{E2A27A61-D462-4325-836D-1997187B4AD6}.Release|x64.Build.0 = Release|Win32
		{E2A27A61-D462-4325-836D-1997187B4AD6}.Release|x86.ActiveCfg = Release|Win32
		{E2A27A61-D462-4325-836D-1997187B4AD6}.Release|x86.Build.0 = Release|Win32
	EndGlobalSection
	GlobalSection(SolutionProperties) = preSolution
		HideSolutionNode = FALSE
	EndGlobalSection
	GlobalSection(ExtensibilityGlobals) = postSolution
		SolutionGuid = {76033CAE-3084-4BE4-A4F8-1A9852F8D1DB}
	EndGlobalSection
EndGlobal
